{
  "name": "AStatinfo",
  "lockfileVersion": 2,
  "requires": true,
  "packages": {
    "": {
      "dependencies": {
        "axios": "^0.21.4",
        "echarts": "^5.2.0",
        "vue-count-to": "^1.0.13"
      }
    },
    "node_modules/axios": {
      "version": "0.21.4",
      "resolved": "https://registry.nlark.com/axios/download/axios-0.21.4.tgz?cache=0&sync_timestamp=1630942582656&other_urls=https%3A%2F%2Fregistry.nlark.com%2Faxios%2Fdownload%2Faxios-0.21.4.tgz",
      "integrity": "sha1-xnuQ3AVo5cHPKwuFjEO6KOLtpXU=",
      "dependencies": {
        "follow-redirects": "^1.14.0"
      }
    },
    "node_modules/echarts": {
      "version": "5.2.0",
      "resolved": "https://registry.nlark.com/echarts/download/echarts-5.2.0.tgz",
      "integrity": "sha1-nx+/vwSMFatjC/CnRSXExTTWzrw=",
      "dependencies": {
        "tslib": "2.3.0",
        "zrender": "5.2.0"
      }
    },
    "node_modules/follow-redirects": {
      "version": "1.14.3",
      "resolved": "https://registry.nlark.com/follow-redirects/download/follow-redirects-1.14.3.tgz",
      "integrity": "sha1-atp4EY2NJMruWVWVrM3ArGq9Ai4=",
      "engines": {
        "node": ">=4.0"
      }
    },
    "node_modules/tslib": {
      "version": "2.3.0",
      "resolved": "https://registry.nlark.com/tslib/download/tslib-2.3.0.tgz?cache=0&sync_timestamp=1628722556410&other_urls=https%3A%2F%2Fregistry.nlark.com%2Ftslib%2Fdownload%2Ftslib-2.3.0.tgz",
      "integrity": "sha1-gDuM2rPhK6WBpMpByIObuw2ssJ4="
    },
    "node_modules/vue-count-to": {
      "version": "1.0.13",
      "resolved": "https://registry.nlark.com/vue-count-to/download/vue-count-to-1.0.13.tgz",
      "integrity": "sha1-PnVz6m5kwrKXL2TgoqsuI8dZD/M="
    },
    "node_modules/zrender": {
      "version": "5.2.0",
      "resolved": "https://registry.nlark.com/zrender/download/zrender-5.2.0.tgz?cache=0&sync_timestamp=1630140908990&other_urls=https%3A%2F%2Fregistry.nlark.com%2Fzrender%2Fdownload%2Fzrender-5.2.0.tgz",
      "integrity": "sha1-+KvEhKxKilGwTDzNN76r4d7zQs0=",
      "dependencies": {
        "tslib": "2.3.0"
      }
    }
  },
  "dependencies": {
    "axios": {
      "version": "0.21.4",
      "resolved": "https://registry.nlark.com/axios/download/axios-0.21.4.tgz?cache=0&sync_timestamp=1630942582656&other_urls=https%3A%2F%2Fregistry.nlark.com%2Faxios%2Fdownload%2Faxios-0.21.4.tgz",
      "integrity": "sha1-xnuQ3AVo5cHPKwuFjEO6KOLtpXU=",
      "requires": {
        "follow-redirects": "^1.14.0"
      }
    },
    "echarts": {
      "version": "5.2.0",
      "resolved": "https://registry.nlark.com/echarts/download/echarts-5.2.0.tgz",
      "integrity": "sha1-nx+/vwSMFatjC/CnRSXExTTWzrw=",
      "requires": {
        "tslib": "2.3.0",
        "zrender": "5.2.0"
      }
    },
    "follow-redirects": {
      "version": "1.14.3",
      "resolved": "https://registry.nlark.com/follow-redirects/download/follow-redirects-1.14.3.tgz",
      "integrity": "sha1-atp4EY2NJMruWVWVrM3ArGq9Ai4="
    },
    "tslib": {
      "version": "2.3.0",
      "resolved": "https://registry.nlark.com/tslib/download/tslib-2.3.0.tgz?cache=0&sync_timestamp=1628722556410&other_urls=https%3A%2F%2Fregistry.nlark.com%2Ftslib%2Fdownload%2Ftslib-2.3.0.tgz",
      "integrity": "sha1-gDuM2rPhK6WBpMpByIObuw2ssJ4="
    },
    "vue-count-to": {
      "version": "1.0.13",
      "resolved": "https://registry.nlark.com/vue-count-to/download/vue-count-to-1.0.13.tgz",
      "integrity": "sha1-PnVz6m5kwrKXL2TgoqsuI8dZD/M="
    },
    "zrender": {
      "version": "5.2.0",
      "resolved": "https://registry.nlark.com/zrender/download/zrender-5.2.0.tgz?cache=0&sync_timestamp=1630140908990&other_urls=https%3A%2F%2Fregistry.nlark.com%2Fzrender%2Fdownload%2Fzrender-5.2.0.tgz",
      "integrity": "sha1-+KvEhKxKilGwTDzNN76r4d7zQs0=",
      "requires": {
        "tslib": "2.3.0"
      }
    }
  }
}
